
Microsoft Visual Studio Solution File, Format Version 12.00
# Visual Studio Version 17
VisualStudioVersion = 17.14.36603.0 d17.14
MinimumVisualStudioVersion = 10.0.40219.1
Project("{FAE04EC0-301F-11D3-BF4B-00C04F79EFBC}") = "Razvoj_Nal2_2", "Razvoj_Nal2_2\Razvoj_Nal2_2.csproj", "{F688DADB-B94F-4EDF-98FE-6ED7EA06610A}"
EndProject
Global
	GlobalSection(SolutionConfigurationPlatforms) = preSolution
		Debug|Any CPU = Debug|Any CPU
		Release|Any CPU = Release|Any CPU
	EndGlobalSection
	GlobalSection(ProjectConfigurationPlatforms) = postSolution
		{F688DADB-B94F-4EDF-98FE-6ED7EA06610A}.Debug|Any CPU.ActiveCfg = Debug|Any CPU
		{F688DADB-B94F-4EDF-98FE-6ED7EA06610A}.Debug|Any CPU.Build.0 = Debug|Any CPU
		{F688DADB-B94F-4EDF-98FE-6ED7EA06610A}.Release|Any CPU.ActiveCfg = Release|Any CPU
		{F688DADB-B94F-4EDF-98FE-6ED7EA06610A}.Release|Any CPU.Build.0 = Release|Any CPU
	EndGlobalSection
	GlobalSection(SolutionProperties) = preSolution
		HideSolutionNode = FALSE
	EndGlobalSection
	GlobalSection(ExtensibilityGlobals) = postSolution
		SolutionGuid = {AE1F6E0F-668F-455C-8718-616165EEA77E}
	EndGlobalSection
EndGlobal
