
Microsoft Visual Studio Solution File, Format Version 12.00
# Visual Studio Version 17
VisualStudioVersion = 17.13.35919.96 d17.13
MinimumVisualStudioVersion = 10.0.40219.1
Project("{FAE04EC0-301F-11D3-BF4B-00C04F79EFBC}") = "Vaja 1 Socialna omrezja", "Vaja 1 Socialna omrezja\Vaja 1 Socialna omrezja.csproj", "{F5E99C68-9AA9-428C-BD76-A54BD96D995A}"
EndProject
Global
	GlobalSection(SolutionConfigurationPlatforms) = preSolution
		Debug|Any CPU = Debug|Any CPU
		Release|Any CPU = Release|Any CPU
	EndGlobalSection
	GlobalSection(ProjectConfigurationPlatforms) = postSolution
		{F5E99C68-9AA9-428C-BD76-A54BD96D995A}.Debug|Any CPU.ActiveCfg = Debug|Any CPU
		{F5E99C68-9AA9-428C-BD76-A54BD96D995A}.Debug|Any CPU.Build.0 = Debug|Any CPU
		{F5E99C68-9AA9-428C-BD76-A54BD96D995A}.Release|Any CPU.ActiveCfg = Release|Any CPU
		{F5E99C68-9AA9-428C-BD76-A54BD96D995A}.Release|Any CPU.Build.0 = Release|Any CPU
	EndGlobalSection
	GlobalSection(SolutionProperties) = preSolution
		HideSolutionNode = FALSE
	EndGlobalSection
	GlobalSection(ExtensibilityGlobals) = postSolution
		SolutionGuid = {2997C3FA-0ECF-44F1-97B1-F9E1C0956937}
	EndGlobalSection
EndGlobal
