
Microsoft Visual Studio Solution File, Format Version 12.00
# Visual Studio Version 17
VisualStudioVersion = 17.12.35707.178
MinimumVisualStudioVersion = 10.0.40219.1
Project("{FAE04EC0-301F-11D3-BF4B-00C04F79EFBC}") = "Backend", "Backend\Backend.csproj", "{B7EB8CA9-864A-4A44-A0DF-8C42756685D6}"
EndProject
Project("{FAE04EC0-301F-11D3-BF4B-00C04F79EFBC}") = "FrontendBlazor", "FrontendBlazor\FrontendBlazor.csproj", "{AFBD5B75-7AC6-4441-B201-0266D0D97C89}"
EndProject
Project("{FAE04EC0-301F-11D3-BF4B-00C04F79EFBC}") = "FrontendMAUI", "FrontendMAUI\FrontendMAUI.csproj", "{571D43AB-A7D1-41CC-BC06-8422FAD8D2B4}"
EndProject
Global
	GlobalSection(SolutionConfigurationPlatforms) = preSolution
		Debug|Any CPU = Debug|Any CPU
		Release|Any CPU = Release|Any CPU
	EndGlobalSection
	GlobalSection(ProjectConfigurationPlatforms) = postSolution
		{B7EB8CA9-864A-4A44-A0DF-8C42756685D6}.Debug|Any CPU.ActiveCfg = Debug|Any CPU
		{B7EB8CA9-864A-4A44-A0DF-8C42756685D6}.Debug|Any CPU.Build.0 = Debug|Any CPU
		{B7EB8CA9-864A-4A44-A0DF-8C42756685D6}.Release|Any CPU.ActiveCfg = Release|Any CPU
		{B7EB8CA9-864A-4A44-A0DF-8C42756685D6}.Release|Any CPU.Build.0 = Release|Any CPU
		{AFBD5B75-7AC6-4441-B201-0266D0D97C89}.Debug|Any CPU.ActiveCfg = Debug|Any CPU
		{AFBD5B75-7AC6-4441-B201-0266D0D97C89}.Debug|Any CPU.Build.0 = Debug|Any CPU
		{AFBD5B75-7AC6-4441-B201-0266D0D97C89}.Release|Any CPU.ActiveCfg = Release|Any CPU
		{AFBD5B75-7AC6-4441-B201-0266D0D97C89}.Release|Any CPU.Build.0 = Release|Any CPU
		{571D43AB-A7D1-41CC-BC06-8422FAD8D2B4}.Debug|Any CPU.ActiveCfg = Debug|Any CPU
		{571D43AB-A7D1-41CC-BC06-8422FAD8D2B4}.Debug|Any CPU.Build.0 = Debug|Any CPU
		{571D43AB-A7D1-41CC-BC06-8422FAD8D2B4}.Release|Any CPU.ActiveCfg = Release|Any CPU
		{571D43AB-A7D1-41CC-BC06-8422FAD8D2B4}.Release|Any CPU.Build.0 = Release|Any CPU
	EndGlobalSection
	GlobalSection(SolutionProperties) = preSolution
		HideSolutionNode = FALSE
	EndGlobalSection
EndGlobal
