
Microsoft Visual Studio Solution File, Format Version 12.00
# Visual Studio Version 17
VisualStudioVersion = 17.14.36603.0 d17.14
MinimumVisualStudioVersion = 10.0.40219.1
Project("{FAE04EC0-301F-11D3-BF4B-00C04F79EFBC}") = "Arhi_Vaja3_2", "Arhi_Vaja3_2\Arhi_Vaja3_2.csproj", "{F5DDB95E-3492-4362-98D4-BD3D14ED54FA}"
EndProject
Global
	GlobalSection(SolutionConfigurationPlatforms) = preSolution
		Debug|Any CPU = Debug|Any CPU
		Release|Any CPU = Release|Any CPU
	EndGlobalSection
	GlobalSection(ProjectConfigurationPlatforms) = postSolution
		{F5DDB95E-3492-4362-98D4-BD3D14ED54FA}.Debug|Any CPU.ActiveCfg = Debug|Any CPU
		{F5DDB95E-3492-4362-98D4-BD3D14ED54FA}.Debug|Any CPU.Build.0 = Debug|Any CPU
		{F5DDB95E-3492-4362-98D4-BD3D14ED54FA}.Release|Any CPU.ActiveCfg = Release|Any CPU
		{F5DDB95E-3492-4362-98D4-BD3D14ED54FA}.Release|Any CPU.Build.0 = Release|Any CPU
	EndGlobalSection
	GlobalSection(SolutionProperties) = preSolution
		HideSolutionNode = FALSE
	EndGlobalSection
	GlobalSection(ExtensibilityGlobals) = postSolution
		SolutionGuid = {AF507186-FD5C-4491-8E80-A3E5CFDCEB98}
	EndGlobalSection
EndGlobal
